// !$*UTF8*$!
{
	archiveVersion = 1;
	classes = {
	};
	objectVersion = 46;
	objects = {

/* Begin PBXBuildFile section */
		5D599E5B70C071C5499CB5A2 /* Pods_Crumbs.framework in Frameworks */ = {isa = PBXBuildFile; fileRef = 4ADA66B8D677D3B39BAF5FE3 /* Pods_Crumbs.framework */; };
		8E14C3581BF65A0100C3F145 /* AppDelegate.swift in Sources */ = {isa = PBXBuildFile; fileRef = 8E14C3571BF65A0100C3F145 /* AppDelegate.swift */; };
		8E14C35D1BF65A0100C3F145 /* Main.storyboard in Resources */ = {isa = PBXBuildFile; fileRef = 8E14C35B1BF65A0100C3F145 /* Main.storyboard */; };
		8E14C35F1BF65A0100C3F145 /* Assets.xcassets in Resources */ = {isa = PBXBuildFile; fileRef = 8E14C35E1BF65A0100C3F145 /* Assets.xcassets */; };
		8E14C3621BF65A0100C3F145 /* LaunchScreen.storyboard in Resources */ = {isa = PBXBuildFile; fileRef = 8E14C3601BF65A0100C3F145 /* LaunchScreen.storyboard */; };
		8E14C37B1BF66E2400C3F145 /* CBCrumbResponseEntity.swift in Sources */ = {isa = PBXBuildFile; fileRef = 8E14C37A1BF66E2400C3F145 /* CBCrumbResponseEntity.swift */; };
		8E39C4071BF90F7500787394 /* CBCrumbCell.swift in Sources */ = {isa = PBXBuildFile; fileRef = 8E39C4061BF90F7500787394 /* CBCrumbCell.swift */; };
		8E9422721BF9AE4600841AE4 /* CBCrumbFetcherTests.swift in Sources */ = {isa = PBXBuildFile; fileRef = 8E9422711BF9AE4600841AE4 /* CBCrumbFetcherTests.swift */; };
		8E9422741BFA335C00841AE4 /* CBCrumbsTableViewModeling.swift in Sources */ = {isa = PBXBuildFile; fileRef = 8E9422731BFA335C00841AE4 /* CBCrumbsTableViewModeling.swift */; };
		8E9422761BFA338B00841AE4 /* CBCrumbsTableViewModel.swift in Sources */ = {isa = PBXBuildFile; fileRef = 8E9422751BFA338B00841AE4 /* CBCrumbsTableViewModel.swift */; };
		8E94227B1BFA359800841AE4 /* CBCrumbFetching.swift in Sources */ = {isa = PBXBuildFile; fileRef = 8E94227A1BFA359800841AE4 /* CBCrumbFetching.swift */; };
		8E94227D1BFA478200841AE4 /* CBCrumbsTableViewCellModel.swift in Sources */ = {isa = PBXBuildFile; fileRef = 8E94227C1BFA478200841AE4 /* CBCrumbsTableViewCellModel.swift */; };
		8E94227F1BFA479E00841AE4 /* CBCrumbsTableViewCellModeling.swift in Sources */ = {isa = PBXBuildFile; fileRef = 8E94227E1BFA479E00841AE4 /* CBCrumbsTableViewCellModeling.swift */; };
		8E9422811BFA8CEB00841AE4 /* AppDelegateTests.swift in Sources */ = {isa = PBXBuildFile; fileRef = 8E9422801BFA8CEB00841AE4 /* AppDelegateTests.swift */; };
		8E9422831BFAAC2300841AE4 /* CBCrumbsTableViewModelTests.swift in Sources */ = {isa = PBXBuildFile; fileRef = 8E9422821BFAAC2300841AE4 /* CBCrumbsTableViewModelTests.swift */; };
		8EDE1EEA1BFB9D780029DAD1 /* CBCrumbPostEntity.swift in Sources */ = {isa = PBXBuildFile; fileRef = 8EDE1EE91BFB9D780029DAD1 /* CBCrumbPostEntity.swift */; };
		8EDE1EEC1BFBA8650029DAD1 /* CBCrumbsAPI.swift in Sources */ = {isa = PBXBuildFile; fileRef = 8EDE1EEB1BFBA8650029DAD1 /* CBCrumbsAPI.swift */; };
		8EDE1EEE1BFBBBBA0029DAD1 /* CBCrumbResponseEntityTests.swift in Sources */ = {isa = PBXBuildFile; fileRef = 8EDE1EED1BFBBBBA0029DAD1 /* CBCrumbResponseEntityTests.swift */; };
		8EDE1EF01BFBBBF10029DAD1 /* DummyCrumbsResponse.swift in Sources */ = {isa = PBXBuildFile; fileRef = 8EDE1EEF1BFBBBF10029DAD1 /* DummyCrumbsResponse.swift */; };
		8EDE1EF21BFBE51F0029DAD1 /* RACUtil.swift in Sources */ = {isa = PBXBuildFile; fileRef = 8EDE1EF11BFBE51E0029DAD1 /* RACUtil.swift */; };
		8EDE1EF41BFC41F90029DAD1 /* CBCrumbsMapViewController.swift in Sources */ = {isa = PBXBuildFile; fileRef = 8EDE1EF31BFC41F90029DAD1 /* CBCrumbsMapViewController.swift */; };
		8EFA22101BF9281E007ADEAF /* CBCrumbsTableViewController.swift in Sources */ = {isa = PBXBuildFile; fileRef = 8EFA220F1BF9281E007ADEAF /* CBCrumbsTableViewController.swift */; };
		8EFA22131BF930AB007ADEAF /* CBNetworking.swift in Sources */ = {isa = PBXBuildFile; fileRef = 8EFA22121BF930AB007ADEAF /* CBNetworking.swift */; };
		8EFA22151BF93809007ADEAF /* CBNetworkingService.swift in Sources */ = {isa = PBXBuildFile; fileRef = 8EFA22141BF93809007ADEAF /* CBNetworkingService.swift */; };
		8EFA221A1BF94674007ADEAF /* CBNetworkingServiceTests.swift in Sources */ = {isa = PBXBuildFile; fileRef = 8EFA22191BF94674007ADEAF /* CBNetworkingServiceTests.swift */; };
		8EFA221C1BF952BA007ADEAF /* CBCrumbFetcher.swift in Sources */ = {isa = PBXBuildFile; fileRef = 8EFA221B1BF952BA007ADEAF /* CBCrumbFetcher.swift */; };
/* End PBXBuildFile section */

/* Begin PBXContainerItemProxy section */
		8E14C3691BF65A0100C3F145 /* PBXContainerItemProxy */ = {
			isa = PBXContainerItemProxy;
			containerPortal = 8E14C34C1BF65A0100C3F145 /* Project object */;
			proxyType = 1;
			remoteGlobalIDString = 8E14C3531BF65A0100C3F145;
			remoteInfo = Crumbs;
		};
/* End PBXContainerItemProxy section */

/* Begin PBXFileReference section */
		4ADA66B8D677D3B39BAF5FE3 /* Pods_Crumbs.framework */ = {isa = PBXFileReference; explicitFileType = wrapper.framework; includeInIndex = 0; path = Pods_Crumbs.framework; sourceTree = BUILT_PRODUCTS_DIR; };
		5CAA1C2D70D0CC1C0974E563 /* Pods-Crumbs.release.xcconfig */ = {isa = PBXFileReference; includeInIndex = 1; lastKnownFileType = text.xcconfig; name = "Pods-Crumbs.release.xcconfig"; path = "Pods/Target Support Files/Pods-Crumbs/Pods-Crumbs.release.xcconfig"; sourceTree = "<group>"; };
		8E14C3541BF65A0100C3F145 /* Crumbs.app */ = {isa = PBXFileReference; explicitFileType = wrapper.application; includeInIndex = 0; path = Crumbs.app; sourceTree = BUILT_PRODUCTS_DIR; };
		8E14C3571BF65A0100C3F145 /* AppDelegate.swift */ = {isa = PBXFileReference; lastKnownFileType = sourcecode.swift; path = AppDelegate.swift; sourceTree = "<group>"; };
		8E14C35C1BF65A0100C3F145 /* Base */ = {isa = PBXFileReference; lastKnownFileType = file.storyboard; name = Base; path = Base.lproj/Main.storyboard; sourceTree = "<group>"; };
		8E14C35E1BF65A0100C3F145 /* Assets.xcassets */ = {isa = PBXFileReference; lastKnownFileType = folder.assetcatalog; path = Assets.xcassets; sourceTree = "<group>"; };
		8E14C3611BF65A0100C3F145 /* Base */ = {isa = PBXFileReference; lastKnownFileType = file.storyboard; name = Base; path = Base.lproj/LaunchScreen.storyboard; sourceTree = "<group>"; };
		8E14C3631BF65A0100C3F145 /* Info.plist */ = {isa = PBXFileReference; lastKnownFileType = text.plist.xml; path = Info.plist; sourceTree = "<group>"; };
		8E14C3681BF65A0100C3F145 /* CrumbsTests.xctest */ = {isa = PBXFileReference; explicitFileType = wrapper.cfbundle; includeInIndex = 0; path = CrumbsTests.xctest; sourceTree = BUILT_PRODUCTS_DIR; };
		8E14C36E1BF65A0100C3F145 /* Info.plist */ = {isa = PBXFileReference; lastKnownFileType = text.plist.xml; path = Info.plist; sourceTree = "<group>"; };
		8E14C3771BF6623D00C3F145 /* CBCameraController.swift */ = {isa = PBXFileReference; fileEncoding = 4; lastKnownFileType = sourcecode.swift; path = CBCameraController.swift; sourceTree = "<group>"; };
		8E14C37A1BF66E2400C3F145 /* CBCrumbResponseEntity.swift */ = {isa = PBXFileReference; fileEncoding = 4; lastKnownFileType = sourcecode.swift; path = CBCrumbResponseEntity.swift; sourceTree = "<group>"; };
		8E14C37C1BF66F6C00C3F145 /* CBCrumbType.swift */ = {isa = PBXFileReference; fileEncoding = 4; lastKnownFileType = sourcecode.swift; path = CBCrumbType.swift; sourceTree = "<group>"; };
		8E39C4061BF90F7500787394 /* CBCrumbCell.swift */ = {isa = PBXFileReference; fileEncoding = 4; lastKnownFileType = sourcecode.swift; path = CBCrumbCell.swift; sourceTree = "<group>"; };
		8E9422711BF9AE4600841AE4 /* CBCrumbFetcherTests.swift */ = {isa = PBXFileReference; fileEncoding = 4; lastKnownFileType = sourcecode.swift; path = CBCrumbFetcherTests.swift; sourceTree = "<group>"; };
		8E9422731BFA335C00841AE4 /* CBCrumbsTableViewModeling.swift */ = {isa = PBXFileReference; fileEncoding = 4; lastKnownFileType = sourcecode.swift; path = CBCrumbsTableViewModeling.swift; sourceTree = "<group>"; };
		8E9422751BFA338B00841AE4 /* CBCrumbsTableViewModel.swift */ = {isa = PBXFileReference; fileEncoding = 4; lastKnownFileType = sourcecode.swift; path = CBCrumbsTableViewModel.swift; sourceTree = "<group>"; };
		8E94227A1BFA359800841AE4 /* CBCrumbFetching.swift */ = {isa = PBXFileReference; fileEncoding = 4; lastKnownFileType = sourcecode.swift; path = CBCrumbFetching.swift; sourceTree = "<group>"; };
		8E94227C1BFA478200841AE4 /* CBCrumbsTableViewCellModel.swift */ = {isa = PBXFileReference; fileEncoding = 4; lastKnownFileType = sourcecode.swift; path = CBCrumbsTableViewCellModel.swift; sourceTree = "<group>"; };
		8E94227E1BFA479E00841AE4 /* CBCrumbsTableViewCellModeling.swift */ = {isa = PBXFileReference; fileEncoding = 4; lastKnownFileType = sourcecode.swift; path = CBCrumbsTableViewCellModeling.swift; sourceTree = "<group>"; };
		8E9422801BFA8CEB00841AE4 /* AppDelegateTests.swift */ = {isa = PBXFileReference; fileEncoding = 4; lastKnownFileType = sourcecode.swift; path = AppDelegateTests.swift; sourceTree = "<group>"; };
		8E9422821BFAAC2300841AE4 /* CBCrumbsTableViewModelTests.swift */ = {isa = PBXFileReference; fileEncoding = 4; lastKnownFileType = sourcecode.swift; path = CBCrumbsTableViewModelTests.swift; sourceTree = "<group>"; };
		8EDE1EE91BFB9D780029DAD1 /* CBCrumbPostEntity.swift */ = {isa = PBXFileReference; fileEncoding = 4; lastKnownFileType = sourcecode.swift; path = CBCrumbPostEntity.swift; sourceTree = "<group>"; };
		8EDE1EEB1BFBA8650029DAD1 /* CBCrumbsAPI.swift */ = {isa = PBXFileReference; fileEncoding = 4; lastKnownFileType = sourcecode.swift; path = CBCrumbsAPI.swift; sourceTree = "<group>"; };
		8EDE1EED1BFBBBBA0029DAD1 /* CBCrumbResponseEntityTests.swift */ = {isa = PBXFileReference; fileEncoding = 4; lastKnownFileType = sourcecode.swift; path = CBCrumbResponseEntityTests.swift; sourceTree = "<group>"; };
		8EDE1EEF1BFBBBF10029DAD1 /* DummyCrumbsResponse.swift */ = {isa = PBXFileReference; fileEncoding = 4; lastKnownFileType = sourcecode.swift; path = DummyCrumbsResponse.swift; sourceTree = "<group>"; };
		8EDE1EF11BFBE51E0029DAD1 /* RACUtil.swift */ = {isa = PBXFileReference; fileEncoding = 4; lastKnownFileType = sourcecode.swift; path = RACUtil.swift; sourceTree = "<group>"; };
		8EDE1EF31BFC41F90029DAD1 /* CBCrumbsMapViewController.swift */ = {isa = PBXFileReference; fileEncoding = 4; lastKnownFileType = sourcecode.swift; path = CBCrumbsMapViewController.swift; sourceTree = "<group>"; };
		8EFA220F1BF9281E007ADEAF /* CBCrumbsTableViewController.swift */ = {isa = PBXFileReference; fileEncoding = 4; lastKnownFileType = sourcecode.swift; path = CBCrumbsTableViewController.swift; sourceTree = "<group>"; };
		8EFA22121BF930AB007ADEAF /* CBNetworking.swift */ = {isa = PBXFileReference; fileEncoding = 4; lastKnownFileType = sourcecode.swift; path = CBNetworking.swift; sourceTree = "<group>"; };
		8EFA22141BF93809007ADEAF /* CBNetworkingService.swift */ = {isa = PBXFileReference; fileEncoding = 4; lastKnownFileType = sourcecode.swift; path = CBNetworkingService.swift; sourceTree = "<group>"; };
		8EFA22161BF938FB007ADEAF /* CrumbsTests-Bridging-Header.h */ = {isa = PBXFileReference; lastKnownFileType = sourcecode.c.h; path = "CrumbsTests-Bridging-Header.h"; sourceTree = "<group>"; };
		8EFA22191BF94674007ADEAF /* CBNetworkingServiceTests.swift */ = {isa = PBXFileReference; fileEncoding = 4; lastKnownFileType = sourcecode.swift; path = CBNetworkingServiceTests.swift; sourceTree = "<group>"; };
		8EFA221B1BF952BA007ADEAF /* CBCrumbFetcher.swift */ = {isa = PBXFileReference; fileEncoding = 4; lastKnownFileType = sourcecode.swift; path = CBCrumbFetcher.swift; sourceTree = "<group>"; };
		9BE2024831FAA55DAA374EA4 /* Pods-Crumbs.debug.xcconfig */ = {isa = PBXFileReference; includeInIndex = 1; lastKnownFileType = text.xcconfig; name = "Pods-Crumbs.debug.xcconfig"; path = "Pods/Target Support Files/Pods-Crumbs/Pods-Crumbs.debug.xcconfig"; sourceTree = "<group>"; };
/* End PBXFileReference section */

/* Begin PBXFrameworksBuildPhase section */
		8E14C3511BF65A0100C3F145 /* Frameworks */ = {
			isa = PBXFrameworksBuildPhase;
			buildActionMask = 2147483647;
			files = (
				5D599E5B70C071C5499CB5A2 /* Pods_Crumbs.framework in Frameworks */,
			);
			runOnlyForDeploymentPostprocessing = 0;
		};
		8E14C3651BF65A0100C3F145 /* Frameworks */ = {
			isa = PBXFrameworksBuildPhase;
			buildActionMask = 2147483647;
			files = (
			);
			runOnlyForDeploymentPostprocessing = 0;
		};
/* End PBXFrameworksBuildPhase section */

/* Begin PBXGroup section */
		78D2168D77E12624F8583E98 /* Frameworks */ = {
			isa = PBXGroup;
			children = (
				4ADA66B8D677D3B39BAF5FE3 /* Pods_Crumbs.framework */,
			);
			name = Frameworks;
			sourceTree = "<group>";
		};
		8E14C34B1BF65A0100C3F145 = {
			isa = PBXGroup;
			children = (
				8E14C3561BF65A0100C3F145 /* Crumbs */,
				8E14C36B1BF65A0100C3F145 /* CrumbsTests */,
				8E14C3551BF65A0100C3F145 /* Products */,
				EA1657AB5D8D4885F19ABC68 /* Pods */,
				78D2168D77E12624F8583E98 /* Frameworks */,
			);
			sourceTree = "<group>";
		};
		8E14C3551BF65A0100C3F145 /* Products */ = {
			isa = PBXGroup;
			children = (
				8E14C3541BF65A0100C3F145 /* Crumbs.app */,
				8E14C3681BF65A0100C3F145 /* CrumbsTests.xctest */,
			);
			name = Products;
			sourceTree = "<group>";
		};
		8E14C3561BF65A0100C3F145 /* Crumbs */ = {
			isa = PBXGroup;
			children = (
				8E14C3571BF65A0100C3F145 /* AppDelegate.swift */,
				8E14C37F1BF670F600C3F145 /* Services */,
				8E39C4081BF9181100787394 /* View Model */,
				8E14C3791BF6625A00C3F145 /* View */,
				8E14C37E1BF670EF00C3F145 /* Model */,
				8E14C35E1BF65A0100C3F145 /* Assets.xcassets */,
				8E14C3601BF65A0100C3F145 /* LaunchScreen.storyboard */,
				8E14C3631BF65A0100C3F145 /* Info.plist */,
			);
			path = Crumbs;
			sourceTree = "<group>";
		};
		8E14C36B1BF65A0100C3F145 /* CrumbsTests */ = {
			isa = PBXGroup;
			children = (
				8EDE1EEF1BFBBBF10029DAD1 /* DummyCrumbsResponse.swift */,
				8E14C36E1BF65A0100C3F145 /* Info.plist */,
				8EDE1EED1BFBBBBA0029DAD1 /* CBCrumbResponseEntityTests.swift */,
				8EFA22191BF94674007ADEAF /* CBNetworkingServiceTests.swift */,
				8E9422711BF9AE4600841AE4 /* CBCrumbFetcherTests.swift */,
				8EFA22161BF938FB007ADEAF /* CrumbsTests-Bridging-Header.h */,
				8E9422801BFA8CEB00841AE4 /* AppDelegateTests.swift */,
				8E9422821BFAAC2300841AE4 /* CBCrumbsTableViewModelTests.swift */,
			);
			path = CrumbsTests;
			sourceTree = "<group>";
		};
		8E14C3791BF6625A00C3F145 /* View */ = {
			isa = PBXGroup;
			children = (
				8E14C35B1BF65A0100C3F145 /* Main.storyboard */,
				8EDE1EF61BFC42090029DAD1 /* List */,
				8EDE1EF51BFC41FD0029DAD1 /* Map */,
				8E14C3771BF6623D00C3F145 /* CBCameraController.swift */,
			);
			name = View;
			sourceTree = "<group>";
		};
		8E14C37E1BF670EF00C3F145 /* Model */ = {
			isa = PBXGroup;
			children = (
				8EDE1EEB1BFBA8650029DAD1 /* CBCrumbsAPI.swift */,
				8E9422791BFA350200841AE4 /* Protocols */,
				8E14C37A1BF66E2400C3F145 /* CBCrumbResponseEntity.swift */,
				8EDE1EE91BFB9D780029DAD1 /* CBCrumbPostEntity.swift */,
				8EFA221B1BF952BA007ADEAF /* CBCrumbFetcher.swift */,
			);
			name = Model;
			sourceTree = "<group>";
		};
		8E14C37F1BF670F600C3F145 /* Services */ = {
			isa = PBXGroup;
			children = (
				8EFA22111BF9306B007ADEAF /* Networking */,
			);
			name = Services;
			sourceTree = "<group>";
		};
		8E39C4081BF9181100787394 /* View Model */ = {
			isa = PBXGroup;
			children = (
				8E9422781BFA34F500841AE4 /* Protocols */,
				8E9422751BFA338B00841AE4 /* CBCrumbsTableViewModel.swift */,
				8E94227C1BFA478200841AE4 /* CBCrumbsTableViewCellModel.swift */,
				8EDE1EF11BFBE51E0029DAD1 /* RACUtil.swift */,
			);
			name = "View Model";
			sourceTree = "<group>";
		};
		8E9422771BFA34E400841AE4 /* Protocols */ = {
			isa = PBXGroup;
			children = (
				8EFA22121BF930AB007ADEAF /* CBNetworking.swift */,
			);
			name = Protocols;
			sourceTree = "<group>";
		};
		8E9422781BFA34F500841AE4 /* Protocols */ = {
			isa = PBXGroup;
			children = (
				8E9422731BFA335C00841AE4 /* CBCrumbsTableViewModeling.swift */,
				8E94227E1BFA479E00841AE4 /* CBCrumbsTableViewCellModeling.swift */,
			);
			name = Protocols;
			sourceTree = "<group>";
		};
		8E9422791BFA350200841AE4 /* Protocols */ = {
			isa = PBXGroup;
			children = (
				8E14C37C1BF66F6C00C3F145 /* CBCrumbType.swift */,
				8E94227A1BFA359800841AE4 /* CBCrumbFetching.swift */,
			);
			name = Protocols;
			sourceTree = "<group>";
		};
		8EDE1EF51BFC41FD0029DAD1 /* Map */ = {
			isa = PBXGroup;
			children = (
				8EDE1EF31BFC41F90029DAD1 /* CBCrumbsMapViewController.swift */,
			);
			name = Map;
			sourceTree = "<group>";
		};
		8EDE1EF61BFC42090029DAD1 /* List */ = {
			isa = PBXGroup;
			children = (
				8E39C4061BF90F7500787394 /* CBCrumbCell.swift */,
				8EFA220F1BF9281E007ADEAF /* CBCrumbsTableViewController.swift */,
			);
			name = List;
			sourceTree = "<group>";
		};
		8EFA22111BF9306B007ADEAF /* Networking */ = {
			isa = PBXGroup;
			children = (
				8E9422771BFA34E400841AE4 /* Protocols */,
				8EFA22141BF93809007ADEAF /* CBNetworkingService.swift */,
			);
			name = Networking;
			sourceTree = "<group>";
		};
		EA1657AB5D8D4885F19ABC68 /* Pods */ = {
			isa = PBXGroup;
			children = (
				9BE2024831FAA55DAA374EA4 /* Pods-Crumbs.debug.xcconfig */,
				5CAA1C2D70D0CC1C0974E563 /* Pods-Crumbs.release.xcconfig */,
			);
			name = Pods;
			sourceTree = "<group>";
		};
/* End PBXGroup section */

/* Begin PBXNativeTarget section */
		8E14C3531BF65A0100C3F145 /* Crumbs */ = {
			isa = PBXNativeTarget;
			buildConfigurationList = 8E14C3711BF65A0100C3F145 /* Build configuration list for PBXNativeTarget "Crumbs" */;
			buildPhases = (
				C91D6E49CC3D161F1B1BEF0F /* Check Pods Manifest.lock */,
				8E14C3501BF65A0100C3F145 /* Sources */,
				8E14C3511BF65A0100C3F145 /* Frameworks */,
				8E14C3521BF65A0100C3F145 /* Resources */,
				082E001849918266F09D7C95 /* Embed Pods Frameworks */,
				E0A23F26A8FB5FD4EEBDB1F1 /* Copy Pods Resources */,
			);
			buildRules = (
			);
			dependencies = (
			);
			name = Crumbs;
			productName = Crumbs;
			productReference = 8E14C3541BF65A0100C3F145 /* Crumbs.app */;
			productType = "com.apple.product-type.application";
		};
		8E14C3671BF65A0100C3F145 /* CrumbsTests */ = {
			isa = PBXNativeTarget;
			buildConfigurationList = 8E14C3741BF65A0100C3F145 /* Build configuration list for PBXNativeTarget "CrumbsTests" */;
			buildPhases = (
				8E14C3641BF65A0100C3F145 /* Sources */,
				8E14C3651BF65A0100C3F145 /* Frameworks */,
				8E14C3661BF65A0100C3F145 /* Resources */,
			);
			buildRules = (
			);
			dependencies = (
				8E14C36A1BF65A0100C3F145 /* PBXTargetDependency */,
			);
			name = CrumbsTests;
			productName = CrumbsTests;
			productReference = 8E14C3681BF65A0100C3F145 /* CrumbsTests.xctest */;
			productType = "com.apple.product-type.bundle.unit-test";
		};
/* End PBXNativeTarget section */

/* Begin PBXProject section */
		8E14C34C1BF65A0100C3F145 /* Project object */ = {
			isa = PBXProject;
			attributes = {
				LastSwiftUpdateCheck = 0710;
				LastUpgradeCheck = 0710;
				ORGANIZATIONNAME = "Daniel Rakhamimov";
				TargetAttributes = {
					8E14C3531BF65A0100C3F145 = {
						CreatedOnToolsVersion = 7.1;
						DevelopmentTeam = EG5CG224Q3;
					};
					8E14C3671BF65A0100C3F145 = {
						CreatedOnToolsVersion = 7.1;
						TestTargetID = 8E14C3531BF65A0100C3F145;
					};
				};
			};
			buildConfigurationList = 8E14C34F1BF65A0100C3F145 /* Build configuration list for PBXProject "Crumbs" */;
			compatibilityVersion = "Xcode 3.2";
			developmentRegion = English;
			hasScannedForEncodings = 0;
			knownRegions = (
				en,
				Base,
			);
			mainGroup = 8E14C34B1BF65A0100C3F145;
			productRefGroup = 8E14C3551BF65A0100C3F145 /* Products */;
			projectDirPath = "";
			projectRoot = "";
			targets = (
				8E14C3531BF65A0100C3F145 /* Crumbs */,
				8E14C3671BF65A0100C3F145 /* CrumbsTests */,
			);
		};
/* End PBXProject section */

/* Begin PBXResourcesBuildPhase section */
		8E14C3521BF65A0100C3F145 /* Resources */ = {
			isa = PBXResourcesBuildPhase;
			buildActionMask = 2147483647;
			files = (
				8E14C3621BF65A0100C3F145 /* LaunchScreen.storyboard in Resources */,
				8E14C35F1BF65A0100C3F145 /* Assets.xcassets in Resources */,
				8E14C35D1BF65A0100C3F145 /* Main.storyboard in Resources */,
			);
			runOnlyForDeploymentPostprocessing = 0;
		};
		8E14C3661BF65A0100C3F145 /* Resources */ = {
			isa = PBXResourcesBuildPhase;
			buildActionMask = 2147483647;
			files = (
			);
			runOnlyForDeploymentPostprocessing = 0;
		};
/* End PBXResourcesBuildPhase section */

/* Begin PBXShellScriptBuildPhase section */
		082E001849918266F09D7C95 /* Embed Pods Frameworks */ = {
			isa = PBXShellScriptBuildPhase;
			buildActionMask = 2147483647;
			files = (
			);
			inputPaths = (
			);
			name = "Embed Pods Frameworks";
			outputPaths = (
			);
			runOnlyForDeploymentPostprocessing = 0;
			shellPath = /bin/sh;
			shellScript = "\"${SRCROOT}/Pods/Target Support Files/Pods-Crumbs/Pods-Crumbs-frameworks.sh\"\n";
			showEnvVarsInLog = 0;
		};
		C91D6E49CC3D161F1B1BEF0F /* Check Pods Manifest.lock */ = {
			isa = PBXShellScriptBuildPhase;
			buildActionMask = 2147483647;
			files = (
			);
			inputPaths = (
			);
			name = "Check Pods Manifest.lock";
			outputPaths = (
			);
			runOnlyForDeploymentPostprocessing = 0;
			shellPath = /bin/sh;
			shellScript = "diff \"${PODS_ROOT}/../Podfile.lock\" \"${PODS_ROOT}/Manifest.lock\" > /dev/null\nif [[ $? != 0 ]] ; then\n    cat << EOM\nerror: The sandbox is not in sync with the Podfile.lock. Run 'pod install' or update your CocoaPods installation.\nEOM\n    exit 1\nfi\n";
			showEnvVarsInLog = 0;
		};
		E0A23F26A8FB5FD4EEBDB1F1 /* Copy Pods Resources */ = {
			isa = PBXShellScriptBuildPhase;
			buildActionMask = 2147483647;
			files = (
			);
			inputPaths = (
			);
			name = "Copy Pods Resources";
			outputPaths = (
			);
			runOnlyForDeploymentPostprocessing = 0;
			shellPath = /bin/sh;
			shellScript = "\"${SRCROOT}/Pods/Target Support Files/Pods-Crumbs/Pods-Crumbs-resources.sh\"\n";
			showEnvVarsInLog = 0;
		};
/* End PBXShellScriptBuildPhase section */

/* Begin PBXSourcesBuildPhase section */
		8E14C3501BF65A0100C3F145 /* Sources */ = {
			isa = PBXSourcesBuildPhase;
			buildActionMask = 2147483647;
			files = (
				8E94227F1BFA479E00841AE4 /* CBCrumbsTableViewCellModeling.swift in Sources */,
				8EFA22151BF93809007ADEAF /* CBNetworkingService.swift in Sources */,
				8EDE1EF21BFBE51F0029DAD1 /* RACUtil.swift in Sources */,
				8EFA221C1BF952BA007ADEAF /* CBCrumbFetcher.swift in Sources */,
				8E39C4071BF90F7500787394 /* CBCrumbCell.swift in Sources */,
				8E9422761BFA338B00841AE4 /* CBCrumbsTableViewModel.swift in Sources */,
				8E94227B1BFA359800841AE4 /* CBCrumbFetching.swift in Sources */,
				8E14C37B1BF66E2400C3F145 /* CBCrumbResponseEntity.swift in Sources */,
				8EDE1EF41BFC41F90029DAD1 /* CBCrumbsMapViewController.swift in Sources */,
				8EFA22101BF9281E007ADEAF /* CBCrumbsTableViewController.swift in Sources */,
				8E94227D1BFA478200841AE4 /* CBCrumbsTableViewCellModel.swift in Sources */,
				8EDE1EEC1BFBA8650029DAD1 /* CBCrumbsAPI.swift in Sources */,
				8EFA22131BF930AB007ADEAF /* CBNetworking.swift in Sources */,
				8EDE1EEA1BFB9D780029DAD1 /* CBCrumbPostEntity.swift in Sources */,
				8E9422741BFA335C00841AE4 /* CBCrumbsTableViewModeling.swift in Sources */,
				8E14C3581BF65A0100C3F145 /* AppDelegate.swift in Sources */,
			);
			runOnlyForDeploymentPostprocessing = 0;
		};
		8E14C3641BF65A0100C3F145 /* Sources */ = {
			isa = PBXSourcesBuildPhase;
			buildActionMask = 2147483647;
			files = (
				8E9422811BFA8CEB00841AE4 /* AppDelegateTests.swift in Sources */,
				8EDE1EF01BFBBBF10029DAD1 /* DummyCrumbsResponse.swift in Sources */,
				8EDE1EEE1BFBBBBA0029DAD1 /* CBCrumbResponseEntityTests.swift in Sources */,
				8E9422831BFAAC2300841AE4 /* CBCrumbsTableViewModelTests.swift in Sources */,
				8EFA221A1BF94674007ADEAF /* CBNetworkingServiceTests.swift in Sources */,
				8E9422721BF9AE4600841AE4 /* CBCrumbFetcherTests.swift in Sources */,
			);
			runOnlyForDeploymentPostprocessing = 0;
		};
/* End PBXSourcesBuildPhase section */

/* Begin PBXTargetDependency section */
		8E14C36A1BF65A0100C3F145 /* PBXTargetDependency */ = {
			isa = PBXTargetDependency;
			target = 8E14C3531BF65A0100C3F145 /* Crumbs */;
			targetProxy = 8E14C3691BF65A0100C3F145 /* PBXContainerItemProxy */;
		};
/* End PBXTargetDependency section */

/* Begin PBXVariantGroup section */
		8E14C35B1BF65A0100C3F145 /* Main.storyboard */ = {
			isa = PBXVariantGroup;
			children = (
				8E14C35C1BF65A0100C3F145 /* Base */,
			);
			name = Main.storyboard;
			sourceTree = "<group>";
		};
		8E14C3601BF65A0100C3F145 /* LaunchScreen.storyboard */ = {
			isa = PBXVariantGroup;
			children = (
				8E14C3611BF65A0100C3F145 /* Base */,
			);
			name = LaunchScreen.storyboard;
			sourceTree = "<group>";
		};
/* End PBXVariantGroup section */

/* Begin XCBuildConfiguration section */
		8E14C36F1BF65A0100C3F145 /* Debug */ = {
			isa = XCBuildConfiguration;
			buildSettings = {
				ALWAYS_SEARCH_USER_PATHS = NO;
				CLANG_CXX_LANGUAGE_STANDARD = "gnu++0x";
				CLANG_CXX_LIBRARY = "libc++";
				CLANG_ENABLE_MODULES = YES;
				CLANG_ENABLE_OBJC_ARC = YES;
				CLANG_WARN_BOOL_CONVERSION = YES;
				CLANG_WARN_CONSTANT_CONVERSION = YES;
				CLANG_WARN_DIRECT_OBJC_ISA_USAGE = YES_ERROR;
				CLANG_WARN_EMPTY_BODY = YES;
				CLANG_WARN_ENUM_CONVERSION = YES;
				CLANG_WARN_INT_CONVERSION = YES;
				CLANG_WARN_OBJC_ROOT_CLASS = YES_ERROR;
				CLANG_WARN_UNREACHABLE_CODE = YES;
				CLANG_WARN__DUPLICATE_METHOD_MATCH = YES;
				"CODE_SIGN_IDENTITY[sdk=iphoneos*]" = "iPhone Developer";
				COPY_PHASE_STRIP = NO;
				DEBUG_INFORMATION_FORMAT = dwarf;
				ENABLE_STRICT_OBJC_MSGSEND = YES;
				ENABLE_TESTABILITY = YES;
				GCC_C_LANGUAGE_STANDARD = gnu99;
				GCC_DYNAMIC_NO_PIC = NO;
				GCC_NO_COMMON_BLOCKS = YES;
				GCC_OPTIMIZATION_LEVEL = 0;
				GCC_PREPROCESSOR_DEFINITIONS = (
					"DEBUG=1",
					"$(inherited)",
				);
				GCC_WARN_64_TO_32_BIT_CONVERSION = YES;
				GCC_WARN_ABOUT_RETURN_TYPE = YES_ERROR;
				GCC_WARN_UNDECLARED_SELECTOR = YES;
				GCC_WARN_UNINITIALIZED_AUTOS = YES_AGGRESSIVE;
				GCC_WARN_UNUSED_FUNCTION = YES;
				GCC_WARN_UNUSED_VARIABLE = YES;
				IPHONEOS_DEPLOYMENT_TARGET = 9.1;
				MTL_ENABLE_DEBUG_INFO = YES;
				ONLY_ACTIVE_ARCH = YES;
				SDKROOT = iphoneos;
				SWIFT_OPTIMIZATION_LEVEL = "-Onone";
			};
			name = Debug;
		};
		8E14C3701BF65A0100C3F145 /* Release */ = {
			isa = XCBuildConfiguration;
			buildSettings = {
				ALWAYS_SEARCH_USER_PATHS = NO;
				CLANG_CXX_LANGUAGE_STANDARD = "gnu++0x";
				CLANG_CXX_LIBRARY = "libc++";
				CLANG_ENABLE_MODULES = YES;
				CLANG_ENABLE_OBJC_ARC = YES;
				CLANG_WARN_BOOL_CONVERSION = YES;
				CLANG_WARN_CONSTANT_CONVERSION = YES;
				CLANG_WARN_DIRECT_OBJC_ISA_USAGE = YES_ERROR;
				CLANG_WARN_EMPTY_BODY = YES;
				CLANG_WARN_ENUM_CONVERSION = YES;
				CLANG_WARN_INT_CONVERSION = YES;
				CLANG_WARN_OBJC_ROOT_CLASS = YES_ERROR;
				CLANG_WARN_UNREACHABLE_CODE = YES;
				CLANG_WARN__DUPLICATE_METHOD_MATCH = YES;
				"CODE_SIGN_IDENTITY[sdk=iphoneos*]" = "iPhone Developer";
				COPY_PHASE_STRIP = NO;
				DEBUG_INFORMATION_FORMAT = "dwarf-with-dsym";
				ENABLE_NS_ASSERTIONS = NO;
				ENABLE_STRICT_OBJC_MSGSEND = YES;
				GCC_C_LANGUAGE_STANDARD = gnu99;
				GCC_NO_COMMON_BLOCKS = YES;
				GCC_WARN_64_TO_32_BIT_CONVERSION = YES;
				GCC_WARN_ABOUT_RETURN_TYPE = YES_ERROR;
				GCC_WARN_UNDECLARED_SELECTOR = YES;
				GCC_WARN_UNINITIALIZED_AUTOS = YES_AGGRESSIVE;
				GCC_WARN_UNUSED_FUNCTION = YES;
				GCC_WARN_UNUSED_VARIABLE = YES;
				IPHONEOS_DEPLOYMENT_TARGET = 9.1;
				MTL_ENABLE_DEBUG_INFO = NO;
				SDKROOT = iphoneos;
				VALIDATE_PRODUCT = YES;
			};
			name = Release;
		};
		8E14C3721BF65A0100C3F145 /* Debug */ = {
			isa = XCBuildConfiguration;
			baseConfigurationReference = 9BE2024831FAA55DAA374EA4 /* Pods-Crumbs.debug.xcconfig */;
			buildSettings = {
				ASSETCATALOG_COMPILER_APPICON_NAME = AppIcon;
				CODE_SIGN_IDENTITY = "iPhone Developer";
				"CODE_SIGN_IDENTITY[sdk=iphoneos*]" = "iPhone Developer";
				INFOPLIST_FILE = Crumbs/Info.plist;
				IPHONEOS_DEPLOYMENT_TARGET = 9.0;
				LD_RUNPATH_SEARCH_PATHS = "$(inherited) @executable_path/Frameworks";
				PRODUCT_BUNDLE_IDENTIFIER = com.DanielRakhamimov.Crumbs;
				PRODUCT_NAME = "$(TARGET_NAME)";
				PROVISIONING_PROFILE = "";
			};
			name = Debug;
		};
		8E14C3731BF65A0100C3F145 /* Release */ = {
			isa = XCBuildConfiguration;
			baseConfigurationReference = 5CAA1C2D70D0CC1C0974E563 /* Pods-Crumbs.release.xcconfig */;
			buildSettings = {
				ASSETCATALOG_COMPILER_APPICON_NAME = AppIcon;
				CODE_SIGN_IDENTITY = "iPhone Developer";
				"CODE_SIGN_IDENTITY[sdk=iphoneos*]" = "iPhone Developer";
				INFOPLIST_FILE = Crumbs/Info.plist;
				IPHONEOS_DEPLOYMENT_TARGET = 9.0;
				LD_RUNPATH_SEARCH_PATHS = "$(inherited) @executable_path/Frameworks";
				PRODUCT_BUNDLE_IDENTIFIER = com.DanielRakhamimov.Crumbs;
				PRODUCT_NAME = "$(TARGET_NAME)";
				PROVISIONING_PROFILE = "";
			};
			name = Release;
		};
		8E14C3751BF65A0100C3F145 /* Debug */ = {
			isa = XCBuildConfiguration;
			buildSettings = {
				BUNDLE_LOADER = "$(TEST_HOST)";
				CLANG_ENABLE_MODULES = YES;
				INFOPLIST_FILE = CrumbsTests/Info.plist;
				LD_RUNPATH_SEARCH_PATHS = "$(inherited) @executable_path/Frameworks @loader_path/Frameworks";
				PRODUCT_BUNDLE_IDENTIFIER = com.DanielRakhamimov.CrumbsTests;
				PRODUCT_NAME = "$(TARGET_NAME)";
				SWIFT_OBJC_BRIDGING_HEADER = "CrumbsTests/CrumbsTests-Bridging-Header.h";
				SWIFT_OPTIMIZATION_LEVEL = "-Onone";
				TEST_HOST = "$(BUILT_PRODUCTS_DIR)/Crumbs.app/Crumbs";
			};
			name = Debug;
		};
		8E14C3761BF65A0100C3F145 /* Release */ = {
			isa = XCBuildConfiguration;
			buildSettings = {
				BUNDLE_LOADER = "$(TEST_HOST)";
				CLANG_ENABLE_MODULES = YES;
				INFOPLIST_FILE = CrumbsTests/Info.plist;
				LD_RUNPATH_SEARCH_PATHS = "$(inherited) @executable_path/Frameworks @loader_path/Frameworks";
				PRODUCT_BUNDLE_IDENTIFIER = com.DanielRakhamimov.CrumbsTests;
				PRODUCT_NAME = "$(TARGET_NAME)";
				SWIFT_OBJC_BRIDGING_HEADER = "CrumbsTests/CrumbsTests-Bridging-Header.h";
				TEST_HOST = "$(BUILT_PRODUCTS_DIR)/Crumbs.app/Crumbs";
			};
			name = Release;
		};
/* End XCBuildConfiguration section */

/* Begin XCConfigurationList section */
		8E14C34F1BF65A0100C3F145 /* Build configuration list for PBXProject "Crumbs" */ = {
			isa = XCConfigurationList;
			buildConfigurations = (
				8E14C36F1BF65A0100C3F145 /* Debug */,
				8E14C3701BF65A0100C3F145 /* Release */,
			);
			defaultConfigurationIsVisible = 0;
			defaultConfigurationName = Release;
		};
		8E14C3711BF65A0100C3F145 /* Build configuration list for PBXNativeTarget "Crumbs" */ = {
			isa = XCConfigurationList;
			buildConfigurations = (
				8E14C3721BF65A0100C3F145 /* Debug */,
				8E14C3731BF65A0100C3F145 /* Release */,
			);
			defaultConfigurationIsVisible = 0;
			defaultConfigurationName = Release;
		};
		8E14C3741BF65A0100C3F145 /* Build configuration list for PBXNativeTarget "CrumbsTests" */ = {
			isa = XCConfigurationList;
			buildConfigurations = (
				8E14C3751BF65A0100C3F145 /* Debug */,
				8E14C3761BF65A0100C3F145 /* Release */,
			);
			defaultConfigurationIsVisible = 0;
			defaultConfigurationName = Release;
		};
/* End XCConfigurationList section */
	};
	rootObject = 8E14C34C1BF65A0100C3F145 /* Project object */;
}
